// !$*UTF8*$!
{
	archiveVersion = 1;
	classes = {
	};
	objectVersion = 55;
	objects = {

/* Begin PBXBuildFile section */
		110E4A5B2747902400292E9A /* CellTableViewCell.swift in Sources */ = {isa = PBXBuildFile; fileRef = 110E4A592747902400292E9A /* CellTableViewCell.swift */; };
		110E4A5C2747902400292E9A /* CellTableViewCell.xib in Resources */ = {isa = PBXBuildFile; fileRef = 110E4A5A2747902400292E9A /* CellTableViewCell.xib */; };
		110E4A5E274791A000292E9A /* MVVMViewController.swift in Sources */ = {isa = PBXBuildFile; fileRef = 110E4A5D2747919F00292E9A /* MVVMViewController.swift */; };
		110E4A60274791B700292E9A /* VIPERViewController.swift in Sources */ = {isa = PBXBuildFile; fileRef = 110E4A5F274791B700292E9A /* VIPERViewController.swift */; };
		110E4A622747B98A00292E9A /* MVVMViewModel.swift in Sources */ = {isa = PBXBuildFile; fileRef = 110E4A612747B98A00292E9A /* MVVMViewModel.swift */; };
		110E4A652747BB5000292E9A /* CounterViewCell.swift in Sources */ = {isa = PBXBuildFile; fileRef = 110E4A632747BB5000292E9A /* CounterViewCell.swift */; };
		110E4A662747BB5000292E9A /* CounterViewCell.xib in Resources */ = {isa = PBXBuildFile; fileRef = 110E4A642747BB5000292E9A /* CounterViewCell.xib */; };
		110E4A682747BF4D00292E9A /* VIPERPresenter.swift in Sources */ = {isa = PBXBuildFile; fileRef = 110E4A672747BF4D00292E9A /* VIPERPresenter.swift */; };
		110E4A6A2747BF5600292E9A /* VIPERRouter.swift in Sources */ = {isa = PBXBuildFile; fileRef = 110E4A692747BF5600292E9A /* VIPERRouter.swift */; };
		110E4A6C2747BF6000292E9A /* VIPEREntity.swift in Sources */ = {isa = PBXBuildFile; fileRef = 110E4A6B2747BF6000292E9A /* VIPEREntity.swift */; };
		110E4A6E2747BF6900292E9A /* VIPERInteractor.swift in Sources */ = {isa = PBXBuildFile; fileRef = 110E4A6D2747BF6900292E9A /* VIPERInteractor.swift */; };
		110E4A702748DE7100292E9A /* VIPERSwiftUI.swift in Sources */ = {isa = PBXBuildFile; fileRef = 110E4A6F2748DE7100292E9A /* VIPERSwiftUI.swift */; };
		110E4A722748DE8C00292E9A /* MVVMSwiftUI.swift in Sources */ = {isa = PBXBuildFile; fileRef = 110E4A712748DE8C00292E9A /* MVVMSwiftUI.swift */; };
		110E4A742748F9B500292E9A /* MVVMAdapter.swift in Sources */ = {isa = PBXBuildFile; fileRef = 110E4A732748F9B500292E9A /* MVVMAdapter.swift */; };
		11D3E42727476A440018D269 /* AppDelegate.swift in Sources */ = {isa = PBXBuildFile; fileRef = 11D3E42627476A440018D269 /* AppDelegate.swift */; };
		11D3E42927476A440018D269 /* SceneDelegate.swift in Sources */ = {isa = PBXBuildFile; fileRef = 11D3E42827476A440018D269 /* SceneDelegate.swift */; };
		11D3E42B27476A440018D269 /* ViewController.swift in Sources */ = {isa = PBXBuildFile; fileRef = 11D3E42A27476A440018D269 /* ViewController.swift */; };
		11D3E42E27476A440018D269 /* Main.storyboard in Resources */ = {isa = PBXBuildFile; fileRef = 11D3E42C27476A440018D269 /* Main.storyboard */; };
		11D3E43027476A450018D269 /* Assets.xcassets in Resources */ = {isa = PBXBuildFile; fileRef = 11D3E42F27476A450018D269 /* Assets.xcassets */; };
		11D3E43327476A450018D269 /* LaunchScreen.storyboard in Resources */ = {isa = PBXBuildFile; fileRef = 11D3E43127476A450018D269 /* LaunchScreen.storyboard */; };
/* End PBXBuildFile section */

/* Begin PBXFileReference section */
		110E4A592747902400292E9A /* CellTableViewCell.swift */ = {isa = PBXFileReference; lastKnownFileType = sourcecode.swift; path = CellTableViewCell.swift; sourceTree = "<group>"; };
		110E4A5A2747902400292E9A /* CellTableViewCell.xib */ = {isa = PBXFileReference; lastKnownFileType = file.xib; path = CellTableViewCell.xib; sourceTree = "<group>"; };
		110E4A5D2747919F00292E9A /* MVVMViewController.swift */ = {isa = PBXFileReference; lastKnownFileType = sourcecode.swift; path = MVVMViewController.swift; sourceTree = "<group>"; };
		110E4A5F274791B700292E9A /* VIPERViewController.swift */ = {isa = PBXFileReference; lastKnownFileType = sourcecode.swift; path = VIPERViewController.swift; sourceTree = "<group>"; };
		110E4A612747B98A00292E9A /* MVVMViewModel.swift */ = {isa = PBXFileReference; lastKnownFileType = sourcecode.swift; path = MVVMViewModel.swift; sourceTree = "<group>"; };
		110E4A632747BB5000292E9A /* CounterViewCell.swift */ = {isa = PBXFileReference; lastKnownFileType = sourcecode.swift; path = CounterViewCell.swift; sourceTree = "<group>"; };
		110E4A642747BB5000292E9A /* CounterViewCell.xib */ = {isa = PBXFileReference; lastKnownFileType = file.xib; path = CounterViewCell.xib; sourceTree = "<group>"; };
		110E4A672747BF4D00292E9A /* VIPERPresenter.swift */ = {isa = PBXFileReference; lastKnownFileType = sourcecode.swift; path = VIPERPresenter.swift; sourceTree = "<group>"; };
		110E4A692747BF5600292E9A /* VIPERRouter.swift */ = {isa = PBXFileReference; lastKnownFileType = sourcecode.swift; path = VIPERRouter.swift; sourceTree = "<group>"; };
		110E4A6B2747BF6000292E9A /* VIPEREntity.swift */ = {isa = PBXFileReference; lastKnownFileType = sourcecode.swift; path = VIPEREntity.swift; sourceTree = "<group>"; };
		110E4A6D2747BF6900292E9A /* VIPERInteractor.swift */ = {isa = PBXFileReference; lastKnownFileType = sourcecode.swift; path = VIPERInteractor.swift; sourceTree = "<group>"; };
		110E4A6F2748DE7100292E9A /* VIPERSwiftUI.swift */ = {isa = PBXFileReference; lastKnownFileType = sourcecode.swift; path = VIPERSwiftUI.swift; sourceTree = "<group>"; };
		110E4A712748DE8C00292E9A /* MVVMSwiftUI.swift */ = {isa = PBXFileReference; lastKnownFileType = sourcecode.swift; path = MVVMSwiftUI.swift; sourceTree = "<group>"; };
		110E4A732748F9B500292E9A /* MVVMAdapter.swift */ = {isa = PBXFileReference; lastKnownFileType = sourcecode.swift; path = MVVMAdapter.swift; sourceTree = "<group>"; };
		11D3E42327476A440018D269 /* UIKitSwiftUIMigration.app */ = {isa = PBXFileReference; explicitFileType = wrapper.application; includeInIndex = 0; path = UIKitSwiftUIMigration.app; sourceTree = BUILT_PRODUCTS_DIR; };
		11D3E42627476A440018D269 /* AppDelegate.swift */ = {isa = PBXFileReference; lastKnownFileType = sourcecode.swift; path = AppDelegate.swift; sourceTree = "<group>"; };
		11D3E42827476A440018D269 /* SceneDelegate.swift */ = {isa = PBXFileReference; lastKnownFileType = sourcecode.swift; path = SceneDelegate.swift; sourceTree = "<group>"; };
		11D3E42A27476A440018D269 /* ViewController.swift */ = {isa = PBXFileReference; lastKnownFileType = sourcecode.swift; path = ViewController.swift; sourceTree = "<group>"; };
		11D3E42D27476A440018D269 /* Base */ = {isa = PBXFileReference; lastKnownFileType = file.storyboard; name = Base; path = Base.lproj/Main.storyboard; sourceTree = "<group>"; };
		11D3E42F27476A450018D269 /* Assets.xcassets */ = {isa = PBXFileReference; lastKnownFileType = folder.assetcatalog; path = Assets.xcassets; sourceTree = "<group>"; };
		11D3E43227476A450018D269 /* Base */ = {isa = PBXFileReference; lastKnownFileType = file.storyboard; name = Base; path = Base.lproj/LaunchScreen.storyboard; sourceTree = "<group>"; };
		11D3E43427476A450018D269 /* Info.plist */ = {isa = PBXFileReference; lastKnownFileType = text.plist.xml; path = Info.plist; sourceTree = "<group>"; };
/* End PBXFileReference section */

/* Begin PBXFrameworksBuildPhase section */
		11D3E42027476A430018D269 /* Frameworks */ = {
			isa = PBXFrameworksBuildPhase;
			buildActionMask = 2147483647;
			files = (
			);
			runOnlyForDeploymentPostprocessing = 0;
		};
/* End PBXFrameworksBuildPhase section */

/* Begin PBXGroup section */
		110E4A5227478EF800292E9A /* MVVM */ = {
			isa = PBXGroup;
			children = (
				110E4A5D2747919F00292E9A /* MVVMViewController.swift */,
				110E4A612747B98A00292E9A /* MVVMViewModel.swift */,
				110E4A712748DE8C00292E9A /* MVVMSwiftUI.swift */,
				110E4A732748F9B500292E9A /* MVVMAdapter.swift */,
			);
			path = MVVM;
			sourceTree = "<group>";
		};
		110E4A5327478F0000292E9A /* VIPER */ = {
			isa = PBXGroup;
			children = (
				110E4A5F274791B700292E9A /* VIPERViewController.swift */,
				110E4A672747BF4D00292E9A /* VIPERPresenter.swift */,
				110E4A692747BF5600292E9A /* VIPERRouter.swift */,
				110E4A6B2747BF6000292E9A /* VIPEREntity.swift */,
				110E4A6D2747BF6900292E9A /* VIPERInteractor.swift */,
				110E4A6F2748DE7100292E9A /* VIPERSwiftUI.swift */,
			);
			path = VIPER;
			sourceTree = "<group>";
		};
		110E4A5427478F9B00292E9A /* Cell */ = {
			isa = PBXGroup;
			children = (
				110E4A592747902400292E9A /* CellTableViewCell.swift */,
				110E4A5A2747902400292E9A /* CellTableViewCell.xib */,
				110E4A632747BB5000292E9A /* CounterViewCell.swift */,
				110E4A642747BB5000292E9A /* CounterViewCell.xib */,
			);
			path = Cell;
			sourceTree = "<group>";
		};
		11D3E41A27476A430018D269 = {
			isa = PBXGroup;
			children = (
				11D3E42527476A440018D269 /* UIKitSwiftUIMigration */,
				11D3E42427476A440018D269 /* Products */,
			);
			sourceTree = "<group>";
		};
		11D3E42427476A440018D269 /* Products */ = {
			isa = PBXGroup;
			children = (
				11D3E42327476A440018D269 /* UIKitSwiftUIMigration.app */,
			);
			name = Products;
			sourceTree = "<group>";
		};
		11D3E42527476A440018D269 /* UIKitSwiftUIMigration */ = {
			isa = PBXGroup;
			children = (
				110E4A5427478F9B00292E9A /* Cell */,
				110E4A5327478F0000292E9A /* VIPER */,
				110E4A5227478EF800292E9A /* MVVM */,
				11D3E42627476A440018D269 /* AppDelegate.swift */,
				11D3E42827476A440018D269 /* SceneDelegate.swift */,
				11D3E42A27476A440018D269 /* ViewController.swift */,
				11D3E42C27476A440018D269 /* Main.storyboard */,
				11D3E42F27476A450018D269 /* Assets.xcassets */,
				11D3E43127476A450018D269 /* LaunchScreen.storyboard */,
				11D3E43427476A450018D269 /* Info.plist */,
			);
			path = UIKitSwiftUIMigration;
			sourceTree = "<group>";
		};
/* End PBXGroup section */

/* Begin PBXNativeTarget section */
		11D3E42227476A430018D269 /* UIKitSwiftUIMigration */ = {
			isa = PBXNativeTarget;
			buildConfigurationList = 11D3E43727476A450018D269 /* Build configuration list for PBXNativeTarget "UIKitSwiftUIMigration" */;
			buildPhases = (
				11D3E41F27476A430018D269 /* Sources */,
				11D3E42027476A430018D269 /* Frameworks */,
				11D3E42127476A430018D269 /* Resources */,
			);
			buildRules = (
			);
			dependencies = (
			);
			name = UIKitSwiftUIMigration;
			productName = UIKitSwiftUIMigration;
			productReference = 11D3E42327476A440018D269 /* UIKitSwiftUIMigration.app */;
			productType = "com.apple.product-type.application";
		};
/* End PBXNativeTarget section */

/* Begin PBXProject section */
		11D3E41B27476A430018D269 /* Project object */ = {
			isa = PBXProject;
			attributes = {
				BuildIndependentTargetsInParallel = 1;
				LastSwiftUpdateCheck = 1310;
				LastUpgradeCheck = 1310;
				TargetAttributes = {
					11D3E42227476A430018D269 = {
						CreatedOnToolsVersion = 13.1;
					};
				};
			};
			buildConfigurationList = 11D3E41E27476A430018D269 /* Build configuration list for PBXProject "UIKitSwiftUIMigration" */;
			compatibilityVersion = "Xcode 13.0";
			developmentRegion = en;
			hasScannedForEncodings = 0;
			knownRegions = (
				en,
				Base,
			);
			mainGroup = 11D3E41A27476A430018D269;
			productRefGroup = 11D3E42427476A440018D269 /* Products */;
			projectDirPath = "";
			projectRoot = "";
			targets = (
				11D3E42227476A430018D269 /* UIKitSwiftUIMigration */,
			);
		};
/* End PBXProject section */

/* Begin PBXResourcesBuildPhase section */
		11D3E42127476A430018D269 /* Resources */ = {
			isa = PBXResourcesBuildPhase;
			buildActionMask = 2147483647;
			files = (
				11D3E43327476A450018D269 /* LaunchScreen.storyboard in Resources */,
				110E4A5C2747902400292E9A /* CellTableViewCell.xib in Resources */,
				11D3E43027476A450018D269 /* Assets.xcassets in Resources */,
				110E4A662747BB5000292E9A /* CounterViewCell.xib in Resources */,
				11D3E42E27476A440018D269 /* Main.storyboard in Resources */,
			);
			runOnlyForDeploymentPostprocessing = 0;
		};
/* End PBXResourcesBuildPhase section */

/* Begin PBXSourcesBuildPhase section */
		11D3E41F27476A430018D269 /* Sources */ = {
			isa = PBXSourcesBuildPhase;
			buildActionMask = 2147483647;
			files = (
				11D3E42B27476A440018D269 /* ViewController.swift in Sources */,
				110E4A5E274791A000292E9A /* MVVMViewController.swift in Sources */,
				110E4A5B2747902400292E9A /* CellTableViewCell.swift in Sources */,
				110E4A742748F9B500292E9A /* MVVMAdapter.swift in Sources */,
				110E4A6A2747BF5600292E9A /* VIPERRouter.swift in Sources */,
				110E4A652747BB5000292E9A /* CounterViewCell.swift in Sources */,
				110E4A6E2747BF6900292E9A /* VIPERInteractor.swift in Sources */,
				110E4A60274791B700292E9A /* VIPERViewController.swift in Sources */,
				11D3E42727476A440018D269 /* AppDelegate.swift in Sources */,
				11D3E42927476A440018D269 /* SceneDelegate.swift in Sources */,
				110E4A682747BF4D00292E9A /* VIPERPresenter.swift in Sources */,
				110E4A6C2747BF6000292E9A /* VIPEREntity.swift in Sources */,
				110E4A722748DE8C00292E9A /* MVVMSwiftUI.swift in Sources */,
				110E4A702748DE7100292E9A /* VIPERSwiftUI.swift in Sources */,
				110E4A622747B98A00292E9A /* MVVMViewModel.swift in Sources */,
			);
			runOnlyForDeploymentPostprocessing = 0;
		};
/* End PBXSourcesBuildPhase section */

/* Begin PBXVariantGroup section */
		11D3E42C27476A440018D269 /* Main.storyboard */ = {
			isa = PBXVariantGroup;
			children = (
				11D3E42D27476A440018D269 /* Base */,
			);
			name = Main.storyboard;
			sourceTree = "<group>";
		};
		11D3E43127476A450018D269 /* LaunchScreen.storyboard */ = {
			isa = PBXVariantGroup;
			children = (
				11D3E43227476A450018D269 /* Base */,
			);
			name = LaunchScreen.storyboard;
			sourceTree = "<group>";
		};
/* End PBXVariantGroup section */

/* Begin XCBuildConfiguration section */
		11D3E43527476A450018D269 /* Debug */ = {
			isa = XCBuildConfiguration;
			buildSettings = {
				ALWAYS_SEARCH_USER_PATHS = NO;
				CLANG_ANALYZER_NONNULL = YES;
				CLANG_ANALYZER_NUMBER_OBJECT_CONVERSION = YES_AGGRESSIVE;
				CLANG_CXX_LANGUAGE_STANDARD = "gnu++17";
				CLANG_CXX_LIBRARY = "libc++";
				CLANG_ENABLE_MODULES = YES;
				CLANG_ENABLE_OBJC_ARC = YES;
				CLANG_ENABLE_OBJC_WEAK = YES;
				CLANG_WARN_BLOCK_CAPTURE_AUTORELEASING = YES;
				CLANG_WARN_BOOL_CONVERSION = YES;
				CLANG_WARN_COMMA = YES;
				CLANG_WARN_CONSTANT_CONVERSION = YES;
				CLANG_WARN_DEPRECATED_OBJC_IMPLEMENTATIONS = YES;
				CLANG_WARN_DIRECT_OBJC_ISA_USAGE = YES_ERROR;
				CLANG_WARN_DOCUMENTATION_COMMENTS = YES;
				CLANG_WARN_EMPTY_BODY = YES;
				CLANG_WARN_ENUM_CONVERSION = YES;
				CLANG_WARN_INFINITE_RECURSION = YES;
				CLANG_WARN_INT_CONVERSION = YES;
				CLANG_WARN_NON_LITERAL_NULL_CONVERSION = YES;
				CLANG_WARN_OBJC_IMPLICIT_RETAIN_SELF = YES;
				CLANG_WARN_OBJC_LITERAL_CONVERSION = YES;
				CLANG_WARN_OBJC_ROOT_CLASS = YES_ERROR;
				CLANG_WARN_QUOTED_INCLUDE_IN_FRAMEWORK_HEADER = YES;
				CLANG_WARN_RANGE_LOOP_ANALYSIS = YES;
				CLANG_WARN_STRICT_PROTOTYPES = YES;
				CLANG_WARN_SUSPICIOUS_MOVE = YES;
				CLANG_WARN_UNGUARDED_AVAILABILITY = YES_AGGRESSIVE;
				CLANG_WARN_UNREACHABLE_CODE = YES;
				CLANG_WARN__DUPLICATE_METHOD_MATCH = YES;
				COPY_PHASE_STRIP = NO;
				DEBUG_INFORMATION_FORMAT = dwarf;
				ENABLE_STRICT_OBJC_MSGSEND = YES;
				ENABLE_TESTABILITY = YES;
				GCC_C_LANGUAGE_STANDARD = gnu11;
				GCC_DYNAMIC_NO_PIC = NO;
				GCC_NO_COMMON_BLOCKS = YES;
				GCC_OPTIMIZATION_LEVEL = 0;
				GCC_PREPROCESSOR_DEFINITIONS = (
					"DEBUG=1",
					"$(inherited)",
				);
				GCC_WARN_64_TO_32_BIT_CONVERSION = YES;
				GCC_WARN_ABOUT_RETURN_TYPE = YES_ERROR;
				GCC_WARN_UNDECLARED_SELECTOR = YES;
				GCC_WARN_UNINITIALIZED_AUTOS = YES_AGGRESSIVE;
				GCC_WARN_UNUSED_FUNCTION = YES;
				GCC_WARN_UNUSED_VARIABLE = YES;
				IPHONEOS_DEPLOYMENT_TARGET = 15.0;
				MTL_ENABLE_DEBUG_INFO = INCLUDE_SOURCE;
				MTL_FAST_MATH = YES;
				ONLY_ACTIVE_ARCH = YES;
				SDKROOT = iphoneos;
				SWIFT_ACTIVE_COMPILATION_CONDITIONS = DEBUG;
				SWIFT_OPTIMIZATION_LEVEL = "-Onone";
			};
			name = Debug;
		};
		11D3E43627476A450018D269 /* Release */ = {
			isa = XCBuildConfiguration;
			buildSettings = {
				ALWAYS_SEARCH_USER_PATHS = NO;
				CLANG_ANALYZER_NONNULL = YES;
				CLANG_ANALYZER_NUMBER_OBJECT_CONVERSION = YES_AGGRESSIVE;
				CLANG_CXX_LANGUAGE_STANDARD = "gnu++17";
				CLANG_CXX_LIBRARY = "libc++";
				CLANG_ENABLE_MODULES = YES;
				CLANG_ENABLE_OBJC_ARC = YES;
				CLANG_ENABLE_OBJC_WEAK = YES;
				CLANG_WARN_BLOCK_CAPTURE_AUTORELEASING = YES;
				CLANG_WARN_BOOL_CONVERSION = YES;
				CLANG_WARN_COMMA = YES;
				CLANG_WARN_CONSTANT_CONVERSION = YES;
				CLANG_WARN_DEPRECATED_OBJC_IMPLEMENTATIONS = YES;
				CLANG_WARN_DIRECT_OBJC_ISA_USAGE = YES_ERROR;
				CLANG_WARN_DOCUMENTATION_COMMENTS = YES;
				CLANG_WARN_EMPTY_BODY = YES;
				CLANG_WARN_ENUM_CONVERSION = YES;
				CLANG_WARN_INFINITE_RECURSION = YES;
				CLANG_WARN_INT_CONVERSION = YES;
				CLANG_WARN_NON_LITERAL_NULL_CONVERSION = YES;
				CLANG_WARN_OBJC_IMPLICIT_RETAIN_SELF = YES;
				CLANG_WARN_OBJC_LITERAL_CONVERSION = YES;
				CLANG_WARN_OBJC_ROOT_CLASS = YES_ERROR;
				CLANG_WARN_QUOTED_INCLUDE_IN_FRAMEWORK_HEADER = YES;
				CLANG_WARN_RANGE_LOOP_ANALYSIS = YES;
				CLANG_WARN_STRICT_PROTOTYPES = YES;
				CLANG_WARN_SUSPICIOUS_MOVE = YES;
				CLANG_WARN_UNGUARDED_AVAILABILITY = YES_AGGRESSIVE;
				CLANG_WARN_UNREACHABLE_CODE = YES;
				CLANG_WARN__DUPLICATE_METHOD_MATCH = YES;
				COPY_PHASE_STRIP = NO;
				DEBUG_INFORMATION_FORMAT = "dwarf-with-dsym";
				ENABLE_NS_ASSERTIONS = NO;
				ENABLE_STRICT_OBJC_MSGSEND = YES;
				GCC_C_LANGUAGE_STANDARD = gnu11;
				GCC_NO_COMMON_BLOCKS = YES;
				GCC_WARN_64_TO_32_BIT_CONVERSION = YES;
				GCC_WARN_ABOUT_RETURN_TYPE = YES_ERROR;
				GCC_WARN_UNDECLARED_SELECTOR = YES;
				GCC_WARN_UNINITIALIZED_AUTOS = YES_AGGRESSIVE;
				GCC_WARN_UNUSED_FUNCTION = YES;
				GCC_WARN_UNUSED_VARIABLE = YES;
				IPHONEOS_DEPLOYMENT_TARGET = 15.0;
				MTL_ENABLE_DEBUG_INFO = NO;
				MTL_FAST_MATH = YES;
				SDKROOT = iphoneos;
				SWIFT_COMPILATION_MODE = wholemodule;
				SWIFT_OPTIMIZATION_LEVEL = "-O";
				VALIDATE_PRODUCT = YES;
			};
			name = Release;
		};
		11D3E43827476A450018D269 /* Debug */ = {
			isa = XCBuildConfiguration;
			buildSettings = {
				ASSETCATALOG_COMPILER_APPICON_NAME = AppIcon;
				ASSETCATALOG_COMPILER_GLOBAL_ACCENT_COLOR_NAME = AccentColor;
				CODE_SIGN_STYLE = Automatic;
				CURRENT_PROJECT_VERSION = 1;
				DEVELOPMENT_TEAM = 8PLMRB7SWH;
				GENERATE_INFOPLIST_FILE = YES;
				INFOPLIST_FILE = UIKitSwiftUIMigration/Info.plist;
				INFOPLIST_KEY_UIApplicationSupportsIndirectInputEvents = YES;
				INFOPLIST_KEY_UILaunchStoryboardName = LaunchScreen;
				INFOPLIST_KEY_UIMainStoryboardFile = Main;
				INFOPLIST_KEY_UISupportedInterfaceOrientations_iPad = "UIInterfaceOrientationPortrait UIInterfaceOrientationPortraitUpsideDown UIInterfaceOrientationLandscapeLeft UIInterfaceOrientationLandscapeRight";
				INFOPLIST_KEY_UISupportedInterfaceOrientations_iPhone = "UIInterfaceOrientationPortrait UIInterfaceOrientationLandscapeLeft UIInterfaceOrientationLandscapeRight";
				LD_RUNPATH_SEARCH_PATHS = (
					"$(inherited)",
					"@executable_path/Frameworks",
				);
				MARKETING_VERSION = 1.0;
				PRODUCT_BUNDLE_IDENTIFIER = com.michael.abadi.UIKitSwiftUIMigration;
				PRODUCT_NAME = "$(TARGET_NAME)";
				SWIFT_EMIT_LOC_STRINGS = YES;
				SWIFT_VERSION = 5.0;
				TARGETED_DEVICE_FAMILY = "1,2";
			};
			name = Debug;
		};
		11D3E43927476A450018D269 /* Release */ = {
			isa = XCBuildConfiguration;
			buildSettings = {
				ASSETCATALOG_COMPILER_APPICON_NAME = AppIcon;
				ASSETCATALOG_COMPILER_GLOBAL_ACCENT_COLOR_NAME = AccentColor;
				CODE_SIGN_STYLE = Automatic;
				CURRENT_PROJECT_VERSION = 1;
				DEVELOPMENT_TEAM = 8PLMRB7SWH;
				GENERATE_INFOPLIST_FILE = YES;
				INFOPLIST_FILE = UIKitSwiftUIMigration/Info.plist;
				INFOPLIST_KEY_UIApplicationSupportsIndirectInputEvents = YES;
				INFOPLIST_KEY_UILaunchStoryboardName = LaunchScreen;
				INFOPLIST_KEY_UIMainStoryboardFile = Main;
				INFOPLIST_KEY_UISupportedInterfaceOrientations_iPad = "UIInterfaceOrientationPortrait UIInterfaceOrientationPortraitUpsideDown UIInterfaceOrientationLandscapeLeft UIInterfaceOrientationLandscapeRight";
				INFOPLIST_KEY_UISupportedInterfaceOrientations_iPhone = "UIInterfaceOrientationPortrait UIInterfaceOrientationLandscapeLeft UIInterfaceOrientationLandscapeRight";
				LD_RUNPATH_SEARCH_PATHS = (
					"$(inherited)",
					"@executable_path/Frameworks",
				);
				MARKETING_VERSION = 1.0;
				PRODUCT_BUNDLE_IDENTIFIER = com.michael.abadi.UIKitSwiftUIMigration;
				PRODUCT_NAME = "$(TARGET_NAME)";
				SWIFT_EMIT_LOC_STRINGS = YES;
				SWIFT_VERSION = 5.0;
				TARGETED_DEVICE_FAMILY = "1,2";
			};
			name = Release;
		};
/* End XCBuildConfiguration section */

/* Begin XCConfigurationList section */
		11D3E41E27476A430018D269 /* Build configuration list for PBXProject "UIKitSwiftUIMigration" */ = {
			isa = XCConfigurationList;
			buildConfigurations = (
				11D3E43527476A450018D269 /* Debug */,
				11D3E43627476A450018D269 /* Release */,
			);
			defaultConfigurationIsVisible = 0;
			defaultConfigurationName = Release;
		};
		11D3E43727476A450018D269 /* Build configuration list for PBXNativeTarget "UIKitSwiftUIMigration" */ = {
			isa = XCConfigurationList;
			buildConfigurations = (
				11D3E43827476A450018D269 /* Debug */,
				11D3E43927476A450018D269 /* Release */,
			);
			defaultConfigurationIsVisible = 0;
			defaultConfigurationName = Release;
		};
/* End XCConfigurationList section */
	};
	rootObject = 11D3E41B27476A430018D269 /* Project object */;
}
